
Microsoft Visual Studio Solution File, Format Version 12.00
# Visual Studio Version 17
VisualStudioVersion = 17.3.32922.545
MinimumVisualStudioVersion = 10.0.40219.1
Project("{8BC9CEB8-8B4A-11D0-8D11-00A0C91BC942}") = "BankProjectTeam", "BankProjectTeam\BankProjectTeam.vcxproj", "{87EDABB3-0CCF-4419-B204-2624F3139ECE}"
EndProject
Global
	GlobalSection(SolutionConfigurationPlatforms) = preSolution
		Debug|x64 = Debug|x64
		Debug|x86 = Debug|x86
		Release|x64 = Release|x64
		Release|x86 = Release|x86
	EndGlobalSection
	GlobalSection(ProjectConfigurationPlatforms) = postSolution
		{87EDABB3-0CCF-4419-B204-2624F3139ECE}.Debug|x64.ActiveCfg = Debug|x64
		{87EDABB3-0CCF-4419-B204-2624F3139ECE}.Debug|x64.Build.0 = Debug|x64
		{87EDABB3-0CCF-4419-B204-2624F3139ECE}.Debug|x86.ActiveCfg = Debug|Win32
		{87EDABB3-0CCF-4419-B204-2624F3139ECE}.Debug|x86.Build.0 = Debug|Win32
		{87EDABB3-0CCF-4419-B204-2624F3139ECE}.Release|x64.ActiveCfg = Release|x64
		{87EDABB3-0CCF-4419-B204-2624F3139ECE}.Release|x64.Build.0 = Release|x64
		{87EDABB3-0CCF-4419-B204-2624F3139ECE}.Release|x86.ActiveCfg = Release|Win32
		{87EDABB3-0CCF-4419-B204-2624F3139ECE}.Release|x86.Build.0 = Release|Win32
	EndGlobalSection
	GlobalSection(SolutionProperties) = preSolution
		HideSolutionNode = FALSE
	EndGlobalSection
	GlobalSection(ExtensibilityGlobals) = postSolution
		SolutionGuid = {2A8F60BF-DECD-4096-ADC0-820091AC0E77}
	EndGlobalSection
EndGlobal
